// !$*UTF8*$!
{
	archiveVersion = 1;
	classes = {
	};
	objectVersion = 46;
	objects = {

/* Begin PBXBuildFile section */
		78A190621DF4AABB00120151 /* AppDelegate.swift in Sources */ = {isa = PBXBuildFile; fileRef = 78A190611DF4AABB00120151 /* AppDelegate.swift */; };
		78A190641DF4AABB00120151 /* ViewController.swift in Sources */ = {isa = PBXBuildFile; fileRef = 78A190631DF4AABB00120151 /* ViewController.swift */; };
		78A190671DF4AABB00120151 /* Main.storyboard in Resources */ = {isa = PBXBuildFile; fileRef = 78A190651DF4AABB00120151 /* Main.storyboard */; };
		78A190691DF4AABB00120151 /* Assets.xcassets in Resources */ = {isa = PBXBuildFile; fileRef = 78A190681DF4AABB00120151 /* Assets.xcassets */; };
		78A1906C1DF4AABB00120151 /* LaunchScreen.storyboard in Resources */ = {isa = PBXBuildFile; fileRef = 78A1906A1DF4AABB00120151 /* LaunchScreen.storyboard */; };
		78A190771DF4AABC00120151 /* FindMyPub3Tests.swift in Sources */ = {isa = PBXBuildFile; fileRef = 78A190761DF4AABC00120151 /* FindMyPub3Tests.swift */; };
		78A190821DF4AABC00120151 /* FindMyPub3UITests.swift in Sources */ = {isa = PBXBuildFile; fileRef = 78A190811DF4AABC00120151 /* FindMyPub3UITests.swift */; };
/* End PBXBuildFile section */

/* Begin PBXContainerItemProxy section */
		78A190731DF4AABC00120151 /* PBXContainerItemProxy */ = {
			isa = PBXContainerItemProxy;
			containerPortal = 78A190561DF4AABB00120151 /* Project object */;
			proxyType = 1;
			remoteGlobalIDString = 78A1905D1DF4AABB00120151;
			remoteInfo = FindMyPub3;
		};
		78A1907E1DF4AABC00120151 /* PBXContainerItemProxy */ = {
			isa = PBXContainerItemProxy;
			containerPortal = 78A190561DF4AABB00120151 /* Project object */;
			proxyType = 1;
			remoteGlobalIDString = 78A1905D1DF4AABB00120151;
			remoteInfo = FindMyPub3;
		};
/* End PBXContainerItemProxy section */

/* Begin PBXFileReference section */
		78A1905E1DF4AABB00120151 /* FindMyPub3.app */ = {isa = PBXFileReference; explicitFileType = wrapper.application; includeInIndex = 0; path = FindMyPub3.app; sourceTree = BUILT_PRODUCTS_DIR; };
		78A190611DF4AABB00120151 /* AppDelegate.swift */ = {isa = PBXFileReference; lastKnownFileType = sourcecode.swift; path = AppDelegate.swift; sourceTree = "<group>"; };
		78A190631DF4AABB00120151 /* ViewController.swift */ = {isa = PBXFileReference; lastKnownFileType = sourcecode.swift; path = ViewController.swift; sourceTree = "<group>"; };
		78A190661DF4AABB00120151 /* Base */ = {isa = PBXFileReference; lastKnownFileType = file.storyboard; name = Base; path = Base.lproj/Main.storyboard; sourceTree = "<group>"; };
		78A190681DF4AABB00120151 /* Assets.xcassets */ = {isa = PBXFileReference; lastKnownFileType = folder.assetcatalog; path = Assets.xcassets; sourceTree = "<group>"; };
		78A1906B1DF4AABB00120151 /* Base */ = {isa = PBXFileReference; lastKnownFileType = file.storyboard; name = Base; path = Base.lproj/LaunchScreen.storyboard; sourceTree = "<group>"; };
		78A1906D1DF4AABB00120151 /* Info.plist */ = {isa = PBXFileReference; lastKnownFileType = text.plist.xml; path = Info.plist; sourceTree = "<group>"; };
		78A190721DF4AABC00120151 /* FindMyPub3Tests.xctest */ = {isa = PBXFileReference; explicitFileType = wrapper.cfbundle; includeInIndex = 0; path = FindMyPub3Tests.xctest; sourceTree = BUILT_PRODUCTS_DIR; };
		78A190761DF4AABC00120151 /* FindMyPub3Tests.swift */ = {isa = PBXFileReference; lastKnownFileType = sourcecode.swift; path = FindMyPub3Tests.swift; sourceTree = "<group>"; };
		78A190781DF4AABC00120151 /* Info.plist */ = {isa = PBXFileReference; lastKnownFileType = text.plist.xml; path = Info.plist; sourceTree = "<group>"; };
		78A1907D1DF4AABC00120151 /* FindMyPub3UITests.xctest */ = {isa = PBXFileReference; explicitFileType = wrapper.cfbundle; includeInIndex = 0; path = FindMyPub3UITests.xctest; sourceTree = BUILT_PRODUCTS_DIR; };
		78A190811DF4AABC00120151 /* FindMyPub3UITests.swift */ = {isa = PBXFileReference; lastKnownFileType = sourcecode.swift; path = FindMyPub3UITests.swift; sourceTree = "<group>"; };
		78A190831DF4AABC00120151 /* Info.plist */ = {isa = PBXFileReference; lastKnownFileType = text.plist.xml; path = Info.plist; sourceTree = "<group>"; };
/* End PBXFileReference section */

/* Begin PBXFrameworksBuildPhase section */
		78A1905B1DF4AABB00120151 /* Frameworks */ = {
			isa = PBXFrameworksBuildPhase;
			buildActionMask = 2147483647;
			files = (
			);
			runOnlyForDeploymentPostprocessing = 0;
		};
		78A1906F1DF4AABC00120151 /* Frameworks */ = {
			isa = PBXFrameworksBuildPhase;
			buildActionMask = 2147483647;
			files = (
			);
			runOnlyForDeploymentPostprocessing = 0;
		};
		78A1907A1DF4AABC00120151 /* Frameworks */ = {
			isa = PBXFrameworksBuildPhase;
			buildActionMask = 2147483647;
			files = (
			);
			runOnlyForDeploymentPostprocessing = 0;
		};
/* End PBXFrameworksBuildPhase section */

/* Begin PBXGroup section */
		78A190551DF4AABB00120151 = {
			isa = PBXGroup;
			children = (
				78A190601DF4AABB00120151 /* FindMyPub3 */,
				78A190751DF4AABC00120151 /* FindMyPub3Tests */,
				78A190801DF4AABC00120151 /* FindMyPub3UITests */,
				78A1905F1DF4AABB00120151 /* Products */,
			);
			sourceTree = "<group>";
		};
		78A1905F1DF4AABB00120151 /* Products */ = {
			isa = PBXGroup;
			children = (
				78A1905E1DF4AABB00120151 /* FindMyPub3.app */,
				78A190721DF4AABC00120151 /* FindMyPub3Tests.xctest */,
				78A1907D1DF4AABC00120151 /* FindMyPub3UITests.xctest */,
			);
			name = Products;
			sourceTree = "<group>";
		};
		78A190601DF4AABB00120151 /* FindMyPub3 */ = {
			isa = PBXGroup;
			children = (
				78A190611DF4AABB00120151 /* AppDelegate.swift */,
				78A190631DF4AABB00120151 /* ViewController.swift */,
				78A190651DF4AABB00120151 /* Main.storyboard */,
				78A190681DF4AABB00120151 /* Assets.xcassets */,
				78A1906A1DF4AABB00120151 /* LaunchScreen.storyboard */,
				78A1906D1DF4AABB00120151 /* Info.plist */,
			);
			path = FindMyPub3;
			sourceTree = "<group>";
		};
		78A190751DF4AABC00120151 /* FindMyPub3Tests */ = {
			isa = PBXGroup;
			children = (
				78A190761DF4AABC00120151 /* FindMyPub3Tests.swift */,
				78A190781DF4AABC00120151 /* Info.plist */,
			);
			path = FindMyPub3Tests;
			sourceTree = "<group>";
		};
		78A190801DF4AABC00120151 /* FindMyPub3UITests */ = {
			isa = PBXGroup;
			children = (
				78A190811DF4AABC00120151 /* FindMyPub3UITests.swift */,
				78A190831DF4AABC00120151 /* Info.plist */,
			);
			path = FindMyPub3UITests;
			sourceTree = "<group>";
		};
/* End PBXGroup section */

/* Begin PBXNativeTarget section */
		78A1905D1DF4AABB00120151 /* FindMyPub3 */ = {
			isa = PBXNativeTarget;
			buildConfigurationList = 78A190861DF4AABC00120151 /* Build configuration list for PBXNativeTarget "FindMyPub3" */;
			buildPhases = (
				78A1905A1DF4AABB00120151 /* Sources */,
				78A1905B1DF4AABB00120151 /* Frameworks */,
				78A1905C1DF4AABB00120151 /* Resources */,
			);
			buildRules = (
			);
			dependencies = (
			);
			name = FindMyPub3;
			productName = FindMyPub3;
			productReference = 78A1905E1DF4AABB00120151 /* FindMyPub3.app */;
			productType = "com.apple.product-type.application";
		};
		78A190711DF4AABC00120151 /* FindMyPub3Tests */ = {
			isa = PBXNativeTarget;
			buildConfigurationList = 78A190891DF4AABC00120151 /* Build configuration list for PBXNativeTarget "FindMyPub3Tests" */;
			buildPhases = (
				78A1906E1DF4AABC00120151 /* Sources */,
				78A1906F1DF4AABC00120151 /* Frameworks */,
				78A190701DF4AABC00120151 /* Resources */,
			);
			buildRules = (
			);
			dependencies = (
				78A190741DF4AABC00120151 /* PBXTargetDependency */,
			);
			name = FindMyPub3Tests;
			productName = FindMyPub3Tests;
			productReference = 78A190721DF4AABC00120151 /* FindMyPub3Tests.xctest */;
			productType = "com.apple.product-type.bundle.unit-test";
		};
		78A1907C1DF4AABC00120151 /* FindMyPub3UITests */ = {
			isa = PBXNativeTarget;
			buildConfigurationList = 78A1908C1DF4AABC00120151 /* Build configuration list for PBXNativeTarget "FindMyPub3UITests" */;
			buildPhases = (
				78A190791DF4AABC00120151 /* Sources */,
				78A1907A1DF4AABC00120151 /* Frameworks */,
				78A1907B1DF4AABC00120151 /* Resources */,
			);
			buildRules = (
			);
			dependencies = (
				78A1907F1DF4AABC00120151 /* PBXTargetDependency */,
			);
			name = FindMyPub3UITests;
			productName = FindMyPub3UITests;
			productReference = 78A1907D1DF4AABC00120151 /* FindMyPub3UITests.xctest */;
			productType = "com.apple.product-type.bundle.ui-testing";
		};
/* End PBXNativeTarget section */

/* Begin PBXProject section */
		78A190561DF4AABB00120151 /* Project object */ = {
			isa = PBXProject;
			attributes = {
				LastSwiftUpdateCheck = 0730;
				LastUpgradeCheck = 0730;
				ORGANIZATIONNAME = "Zyanya Valdés";
				TargetAttributes = {
					78A1905D1DF4AABB00120151 = {
						CreatedOnToolsVersion = 7.3.1;
					};
					78A190711DF4AABC00120151 = {
						CreatedOnToolsVersion = 7.3.1;
						TestTargetID = 78A1905D1DF4AABB00120151;
					};
					78A1907C1DF4AABC00120151 = {
						CreatedOnToolsVersion = 7.3.1;
						TestTargetID = 78A1905D1DF4AABB00120151;
					};
				};
			};
			buildConfigurationList = 78A190591DF4AABB00120151 /* Build configuration list for PBXProject "FindMyPub3" */;
			compatibilityVersion = "Xcode 3.2";
			developmentRegion = English;
			hasScannedForEncodings = 0;
			knownRegions = (
				en,
				Base,
			);
			mainGroup = 78A190551DF4AABB00120151;
			productRefGroup = 78A1905F1DF4AABB00120151 /* Products */;
			projectDirPath = "";
			projectRoot = "";
			targets = (
				78A1905D1DF4AABB00120151 /* FindMyPub3 */,
				78A190711DF4AABC00120151 /* FindMyPub3Tests */,
				78A1907C1DF4AABC00120151 /* FindMyPub3UITests */,
			);
		};
/* End PBXProject section */

/* Begin PBXResourcesBuildPhase section */
		78A1905C1DF4AABB00120151 /* Resources */ = {
			isa = PBXResourcesBuildPhase;
			buildActionMask = 2147483647;
			files = (
				78A1906C1DF4AABB00120151 /* LaunchScreen.storyboard in Resources */,
				78A190691DF4AABB00120151 /* Assets.xcassets in Resources */,
				78A190671DF4AABB00120151 /* Main.storyboard in Resources */,
			);
			runOnlyForDeploymentPostprocessing = 0;
		};
		78A190701DF4AABC00120151 /* Resources */ = {
			isa = PBXResourcesBuildPhase;
			buildActionMask = 2147483647;
			files = (
			);
			runOnlyForDeploymentPostprocessing = 0;
		};
		78A1907B1DF4AABC00120151 /* Resources */ = {
			isa = PBXResourcesBuildPhase;
			buildActionMask = 2147483647;
			files = (
			);
			runOnlyForDeploymentPostprocessing = 0;
		};
/* End PBXResourcesBuildPhase section */

/* Begin PBXSourcesBuildPhase section */
		78A1905A1DF4AABB00120151 /* Sources */ = {
			isa = PBXSourcesBuildPhase;
			buildActionMask = 2147483647;
			files = (
				78A190641DF4AABB00120151 /* ViewController.swift in Sources */,
				78A190621DF4AABB00120151 /* AppDelegate.swift in Sources */,
			);
			runOnlyForDeploymentPostprocessing = 0;
		};
		78A1906E1DF4AABC00120151 /* Sources */ = {
			isa = PBXSourcesBuildPhase;
			buildActionMask = 2147483647;
			files = (
				78A190771DF4AABC00120151 /* FindMyPub3Tests.swift in Sources */,
			);
			runOnlyForDeploymentPostprocessing = 0;
		};
		78A190791DF4AABC00120151 /* Sources */ = {
			isa = PBXSourcesBuildPhase;
			buildActionMask = 2147483647;
			files = (
				78A190821DF4AABC00120151 /* FindMyPub3UITests.swift in Sources */,
			);
			runOnlyForDeploymentPostprocessing = 0;
		};
/* End PBXSourcesBuildPhase section */

/* Begin PBXTargetDependency section */
		78A190741DF4AABC00120151 /* PBXTargetDependency */ = {
			isa = PBXTargetDependency;
			target = 78A1905D1DF4AABB00120151 /* FindMyPub3 */;
			targetProxy = 78A190731DF4AABC00120151 /* PBXContainerItemProxy */;
		};
		78A1907F1DF4AABC00120151 /* PBXTargetDependency */ = {
			isa = PBXTargetDependency;
			target = 78A1905D1DF4AABB00120151 /* FindMyPub3 */;
			targetProxy = 78A1907E1DF4AABC00120151 /* PBXContainerItemProxy */;
		};
/* End PBXTargetDependency section */

/* Begin PBXVariantGroup section */
		78A190651DF4AABB00120151 /* Main.storyboard */ = {
			isa = PBXVariantGroup;
			children = (
				78A190661DF4AABB00120151 /* Base */,
			);
			name = Main.storyboard;
			sourceTree = "<group>";
		};
		78A1906A1DF4AABB00120151 /* LaunchScreen.storyboard */ = {
			isa = PBXVariantGroup;
			children = (
				78A1906B1DF4AABB00120151 /* Base */,
			);
			name = LaunchScreen.storyboard;
			sourceTree = "<group>";
		};
/* End PBXVariantGroup section */

/* Begin XCBuildConfiguration section */
		78A190841DF4AABC00120151 /* Debug */ = {
			isa = XCBuildConfiguration;
			buildSettings = {
				ALWAYS_SEARCH_USER_PATHS = NO;
				CLANG_ANALYZER_NONNULL = YES;
				CLANG_CXX_LANGUAGE_STANDARD = "gnu++0x";
				CLANG_CXX_LIBRARY = "libc++";
				CLANG_ENABLE_MODULES = YES;
				CLANG_ENABLE_OBJC_ARC = YES;
				CLANG_WARN_BOOL_CONVERSION = YES;
				CLANG_WARN_CONSTANT_CONVERSION = YES;
				CLANG_WARN_DIRECT_OBJC_ISA_USAGE = YES_ERROR;
				CLANG_WARN_EMPTY_BODY = YES;
				CLANG_WARN_ENUM_CONVERSION = YES;
				CLANG_WARN_INT_CONVERSION = YES;
				CLANG_WARN_OBJC_ROOT_CLASS = YES_ERROR;
				CLANG_WARN_UNREACHABLE_CODE = YES;
				CLANG_WARN__DUPLICATE_METHOD_MATCH = YES;
				"CODE_SIGN_IDENTITY[sdk=iphoneos*]" = "iPhone Developer";
				COPY_PHASE_STRIP = NO;
				DEBUG_INFORMATION_FORMAT = dwarf;
				ENABLE_STRICT_OBJC_MSGSEND = YES;
				ENABLE_TESTABILITY = YES;
				GCC_C_LANGUAGE_STANDARD = gnu99;
				GCC_DYNAMIC_NO_PIC = NO;
				GCC_NO_COMMON_BLOCKS = YES;
				GCC_OPTIMIZATION_LEVEL = 0;
				GCC_PREPROCESSOR_DEFINITIONS = (
					"DEBUG=1",
					"$(inherited)",
				);
				GCC_WARN_64_TO_32_BIT_CONVERSION = YES;
				GCC_WARN_ABOUT_RETURN_TYPE = YES_ERROR;
				GCC_WARN_UNDECLARED_SELECTOR = YES;
				GCC_WARN_UNINITIALIZED_AUTOS = YES_AGGRESSIVE;
				GCC_WARN_UNUSED_FUNCTION = YES;
				GCC_WARN_UNUSED_VARIABLE = YES;
				IPHONEOS_DEPLOYMENT_TARGET = 9.3;
				MTL_ENABLE_DEBUG_INFO = YES;
				ONLY_ACTIVE_ARCH = YES;
				SDKROOT = iphoneos;
				SWIFT_OPTIMIZATION_LEVEL = "-Onone";
			};
			name = Debug;
		};
		78A190851DF4AABC00120151 /* Release */ = {
			isa = XCBuildConfiguration;
			buildSettings = {
				ALWAYS_SEARCH_USER_PATHS = NO;
				CLANG_ANALYZER_NONNULL = YES;
				CLANG_CXX_LANGUAGE_STANDARD = "gnu++0x";
				CLANG_CXX_LIBRARY = "libc++";
				CLANG_ENABLE_MODULES = YES;
				CLANG_ENABLE_OBJC_ARC = YES;
				CLANG_WARN_BOOL_CONVERSION = YES;
				CLANG_WARN_CONSTANT_CONVERSION = YES;
				CLANG_WARN_DIRECT_OBJC_ISA_USAGE = YES_ERROR;
				CLANG_WARN_EMPTY_BODY = YES;
				CLANG_WARN_ENUM_CONVERSION = YES;
				CLANG_WARN_INT_CONVERSION = YES;
				CLANG_WARN_OBJC_ROOT_CLASS = YES_ERROR;
				CLANG_WARN_UNREACHABLE_CODE = YES;
				CLANG_WARN__DUPLICATE_METHOD_MATCH = YES;
				"CODE_SIGN_IDENTITY[sdk=iphoneos*]" = "iPhone Developer";
				COPY_PHASE_STRIP = NO;
				DEBUG_INFORMATION_FORMAT = "dwarf-with-dsym";
				ENABLE_NS_ASSERTIONS = NO;
				ENABLE_STRICT_OBJC_MSGSEND = YES;
				GCC_C_LANGUAGE_STANDARD = gnu99;
				GCC_NO_COMMON_BLOCKS = YES;
				GCC_WARN_64_TO_32_BIT_CONVERSION = YES;
				GCC_WARN_ABOUT_RETURN_TYPE = YES_ERROR;
				GCC_WARN_UNDECLARED_SELECTOR = YES;
				GCC_WARN_UNINITIALIZED_AUTOS = YES_AGGRESSIVE;
				GCC_WARN_UNUSED_FUNCTION = YES;
				GCC_WARN_UNUSED_VARIABLE = YES;
				IPHONEOS_DEPLOYMENT_TARGET = 9.3;
				MTL_ENABLE_DEBUG_INFO = NO;
				SDKROOT = iphoneos;
				VALIDATE_PRODUCT = YES;
			};
			name = Release;
		};
		78A190871DF4AABC00120151 /* Debug */ = {
			isa = XCBuildConfiguration;
			buildSettings = {
				ASSETCATALOG_COMPILER_APPICON_NAME = AppIcon;
				INFOPLIST_FILE = FindMyPub3/Info.plist;
				LD_RUNPATH_SEARCH_PATHS = "$(inherited) @executable_path/Frameworks";
				PRODUCT_BUNDLE_IDENTIFIER = dfgdfg.FindMyPub3;
				PRODUCT_NAME = "$(TARGET_NAME)";
			};
			name = Debug;
		};
		78A190881DF4AABC00120151 /* Release */ = {
			isa = XCBuildConfiguration;
			buildSettings = {
				ASSETCATALOG_COMPILER_APPICON_NAME = AppIcon;
				INFOPLIST_FILE = FindMyPub3/Info.plist;
				LD_RUNPATH_SEARCH_PATHS = "$(inherited) @executable_path/Frameworks";
				PRODUCT_BUNDLE_IDENTIFIER = dfgdfg.FindMyPub3;
				PRODUCT_NAME = "$(TARGET_NAME)";
			};
			name = Release;
		};
		78A1908A1DF4AABC00120151 /* Debug */ = {
			isa = XCBuildConfiguration;
			buildSettings = {
				BUNDLE_LOADER = "$(TEST_HOST)";
				INFOPLIST_FILE = FindMyPub3Tests/Info.plist;
				LD_RUNPATH_SEARCH_PATHS = "$(inherited) @executable_path/Frameworks @loader_path/Frameworks";
				PRODUCT_BUNDLE_IDENTIFIER = dfgdfg.FindMyPub3Tests;
				PRODUCT_NAME = "$(TARGET_NAME)";
				TEST_HOST = "$(BUILT_PRODUCTS_DIR)/FindMyPub3.app/FindMyPub3";
			};
			name = Debug;
		};
		78A1908B1DF4AABC00120151 /* Release */ = {
			isa = XCBuildConfiguration;
			buildSettings = {
				BUNDLE_LOADER = "$(TEST_HOST)";
				INFOPLIST_FILE = FindMyPub3Tests/Info.plist;
				LD_RUNPATH_SEARCH_PATHS = "$(inherited) @executable_path/Frameworks @loader_path/Frameworks";
				PRODUCT_BUNDLE_IDENTIFIER = dfgdfg.FindMyPub3Tests;
				PRODUCT_NAME = "$(TARGET_NAME)";
				TEST_HOST = "$(BUILT_PRODUCTS_DIR)/FindMyPub3.app/FindMyPub3";
			};
			name = Release;
		};
		78A1908D1DF4AABC00120151 /* Debug */ = {
			isa = XCBuildConfiguration;
			buildSettings = {
				INFOPLIST_FILE = FindMyPub3UITests/Info.plist;
				LD_RUNPATH_SEARCH_PATHS = "$(inherited) @executable_path/Frameworks @loader_path/Frameworks";
				PRODUCT_BUNDLE_IDENTIFIER = dfgdfg.FindMyPub3UITests;
				PRODUCT_NAME = "$(TARGET_NAME)";
				TEST_TARGET_NAME = FindMyPub3;
			};
			name = Debug;
		};
		78A1908E1DF4AABC00120151 /* Release */ = {
			isa = XCBuildConfiguration;
			buildSettings = {
				INFOPLIST_FILE = FindMyPub3UITests/Info.plist;
				LD_RUNPATH_SEARCH_PATHS = "$(inherited) @executable_path/Frameworks @loader_path/Frameworks";
				PRODUCT_BUNDLE_IDENTIFIER = dfgdfg.FindMyPub3UITests;
				PRODUCT_NAME = "$(TARGET_NAME)";
				TEST_TARGET_NAME = FindMyPub3;
			};
			name = Release;
		};
/* End XCBuildConfiguration section */

/* Begin XCConfigurationList section */
		78A190591DF4AABB00120151 /* Build configuration list for PBXProject "FindMyPub3" */ = {
			isa = XCConfigurationList;
			buildConfigurations = (
				78A190841DF4AABC00120151 /* Debug */,
				78A190851DF4AABC00120151 /* Release */,
			);
			defaultConfigurationIsVisible = 0;
			defaultConfigurationName = Release;
		};
		78A190861DF4AABC00120151 /* Build configuration list for PBXNativeTarget "FindMyPub3" */ = {
			isa = XCConfigurationList;
			buildConfigurations = (
				78A190871DF4AABC00120151 /* Debug */,
				78A190881DF4AABC00120151 /* Release */,
			);
			defaultConfigurationIsVisible = 0;
		};
		78A190891DF4AABC00120151 /* Build configuration list for PBXNativeTarget "FindMyPub3Tests" */ = {
			isa = XCConfigurationList;
			buildConfigurations = (
				78A1908A1DF4AABC00120151 /* Debug */,
				78A1908B1DF4AABC00120151 /* Release */,
			);
			defaultConfigurationIsVisible = 0;
		};
		78A1908C1DF4AABC00120151 /* Build configuration list for PBXNativeTarget "FindMyPub3UITests" */ = {
			isa = XCConfigurationList;
			buildConfigurations = (
				78A1908D1DF4AABC00120151 /* Debug */,
				78A1908E1DF4AABC00120151 /* Release */,
			);
			defaultConfigurationIsVisible = 0;
		};
/* End XCConfigurationList section */
	};
	rootObject = 78A190561DF4AABB00120151 /* Project object */;
}
